
Microsoft Visual Studio Solution File, Format Version 12.00
# Visual Studio Version 16
VisualStudioVersion = 16.0.31205.134
MinimumVisualStudioVersion = 10.0.40219.1
Project("{FAE04EC0-301F-11D3-BF4B-00C04F79EFBC}") = "TechnicalTestSHE", "TechnicalTestSHE\TechnicalTestSHE.csproj", "{F29A36EB-22EB-4717-96F8-4BF12E28A893}"
EndProject
Global
	GlobalSection(SolutionConfigurationPlatforms) = preSolution
		Debug|Any CPU = Debug|Any CPU
		Release|Any CPU = Release|Any CPU
	EndGlobalSection
	GlobalSection(ProjectConfigurationPlatforms) = postSolution
		{F29A36EB-22EB-4717-96F8-4BF12E28A893}.Debug|Any CPU.ActiveCfg = Debug|Any CPU
		{F29A36EB-22EB-4717-96F8-4BF12E28A893}.Debug|Any CPU.Build.0 = Debug|Any CPU
		{F29A36EB-22EB-4717-96F8-4BF12E28A893}.Release|Any CPU.ActiveCfg = Release|Any CPU
		{F29A36EB-22EB-4717-96F8-4BF12E28A893}.Release|Any CPU.Build.0 = Release|Any CPU
	EndGlobalSection
	GlobalSection(SolutionProperties) = preSolution
		HideSolutionNode = FALSE
	EndGlobalSection
	GlobalSection(ExtensibilityGlobals) = postSolution
		SolutionGuid = {AC83F789-AD31-401F-B358-662892C9C261}
	EndGlobalSection
EndGlobal
